
Microsoft Visual Studio Solution File, Format Version 12.00
# Visual Studio Version 17
VisualStudioVersion = 17.2.32602.215
MinimumVisualStudioVersion = 10.0.40219.1
Project("{FAE04EC0-301F-11D3-BF4B-00C04F79EFBC}") = "Final", "Final.csproj", "{D305B974-C73F-4D5C-83C5-8477FA91E003}"
EndProject
Global
	GlobalSection(SolutionConfigurationPlatforms) = preSolution
		Debug|Any CPU = Debug|Any CPU
		Release|Any CPU = Release|Any CPU
	EndGlobalSection
	GlobalSection(ProjectConfigurationPlatforms) = postSolution
		{D305B974-C73F-4D5C-83C5-8477FA91E003}.Debug|Any CPU.ActiveCfg = Debug|Any CPU
		{D305B974-C73F-4D5C-83C5-8477FA91E003}.Debug|Any CPU.Build.0 = Debug|Any CPU
		{D305B974-C73F-4D5C-83C5-8477FA91E003}.Release|Any CPU.ActiveCfg = Release|Any CPU
		{D305B974-C73F-4D5C-83C5-8477FA91E003}.Release|Any CPU.Build.0 = Release|Any CPU
	EndGlobalSection
	GlobalSection(SolutionProperties) = preSolution
		HideSolutionNode = FALSE
	EndGlobalSection
	GlobalSection(ExtensibilityGlobals) = postSolution
		SolutionGuid = {8E4CCE43-25DD-4C4F-911A-14EDDB933800}
	EndGlobalSection
EndGlobal
